
Microsoft Visual Studio Solution File, Format Version 12.00
# Visual Studio Version 17
VisualStudioVersion = 17.6.33723.286
MinimumVisualStudioVersion = 10.0.40219.1
Project("{FAE04EC0-301F-11D3-BF4B-00C04F79EFBC}") = "HelloWorldLibrary", "HelloWorldLibrary.csproj", "{FF70F542-A754-4669-B1A3-E687212ED87B}"
EndProject
Project("{FAE04EC0-301F-11D3-BF4B-00C04F79EFBC}") = "SampleConsoleApp", "..\SampleConsoleApp\SampleConsoleApp.csproj", "{6AC4C8AE-3042-40A5-861E-E74D2126EB26}"
EndProject
Global
	GlobalSection(SolutionConfigurationPlatforms) = preSolution
		Debug|Any CPU = Debug|Any CPU
		Release|Any CPU = Release|Any CPU
	EndGlobalSection
	GlobalSection(ProjectConfigurationPlatforms) = postSolution
		{FF70F542-A754-4669-B1A3-E687212ED87B}.Debug|Any CPU.ActiveCfg = Debug|Any CPU
		{FF70F542-A754-4669-B1A3-E687212ED87B}.Debug|Any CPU.Build.0 = Debug|Any CPU
		{FF70F542-A754-4669-B1A3-E687212ED87B}.Release|Any CPU.ActiveCfg = Release|Any CPU
		{FF70F542-A754-4669-B1A3-E687212ED87B}.Release|Any CPU.Build.0 = Release|Any CPU
		{6AC4C8AE-3042-40A5-861E-E74D2126EB26}.Debug|Any CPU.ActiveCfg = Debug|Any CPU
		{6AC4C8AE-3042-40A5-861E-E74D2126EB26}.Debug|Any CPU.Build.0 = Debug|Any CPU
		{6AC4C8AE-3042-40A5-861E-E74D2126EB26}.Release|Any CPU.ActiveCfg = Release|Any CPU
		{6AC4C8AE-3042-40A5-861E-E74D2126EB26}.Release|Any CPU.Build.0 = Release|Any CPU
	EndGlobalSection
	GlobalSection(SolutionProperties) = preSolution
		HideSolutionNode = FALSE
	EndGlobalSection
	GlobalSection(ExtensibilityGlobals) = postSolution
		SolutionGuid = {26278C6D-5020-461D-AF7B-5A107923F355}
	EndGlobalSection
EndGlobal
